
Microsoft Visual Studio Solution File, Format Version 12.00
# Visual Studio 15
VisualStudioVersion = 15.0.28307.438
MinimumVisualStudioVersion = 10.0.40219.1
Project("{FAE04EC0-301F-11D3-BF4B-00C04F79EFBC}") = "TeduShop.Common", "TeduShop.Common\TeduShop.Common.csproj", "{8CC489B6-E8F0-433F-8CCD-821029198A8F}"
EndProject
Project("{FAE04EC0-301F-11D3-BF4B-00C04F79EFBC}") = "TeduShop.Model", "TeduShop.Model\TeduShop.Model.csproj", "{9CA09D76-00AE-4983-AC88-05D03949C8EA}"
EndProject
Project("{FAE04EC0-301F-11D3-BF4B-00C04F79EFBC}") = "TeduShop.Data", "TeduShop.Data\TeduShop.Data.csproj", "{E8DC609A-D986-494E-8052-DD50106D0991}"
EndProject
Project("{FAE04EC0-301F-11D3-BF4B-00C04F79EFBC}") = "TeduShop.Service", "TeduShop.Service\TeduShop.Service.csproj", "{059AAF88-C384-4492-AC1B-398978CAC65B}"
EndProject
Project("{FAE04EC0-301F-11D3-BF4B-00C04F79EFBC}") = "TeduShop.UnitTest", "TeduShop.UnitTest\TeduShop.UnitTest.csproj", "{7BEA3CC7-F5D8-4D27-8AB9-1724B0AFDC88}"
EndProject
Project("{FAE04EC0-301F-11D3-BF4B-00C04F79EFBC}") = "TeduShop.Web", "TeduShop.Web\TeduShop.Web.csproj", "{5C9B59F2-BCB5-47A8-9E69-F293024C665D}"
EndProject
Global
	GlobalSection(SolutionConfigurationPlatforms) = preSolution
		Debug|Any CPU = Debug|Any CPU
		Release|Any CPU = Release|Any CPU
	EndGlobalSection
	GlobalSection(ProjectConfigurationPlatforms) = postSolution
		{8CC489B6-E8F0-433F-8CCD-821029198A8F}.Debug|Any CPU.ActiveCfg = Debug|Any CPU
		{8CC489B6-E8F0-433F-8CCD-821029198A8F}.Debug|Any CPU.Build.0 = Debug|Any CPU
		{8CC489B6-E8F0-433F-8CCD-821029198A8F}.Release|Any CPU.ActiveCfg = Release|Any CPU
		{8CC489B6-E8F0-433F-8CCD-821029198A8F}.Release|Any CPU.Build.0 = Release|Any CPU
		{9CA09D76-00AE-4983-AC88-05D03949C8EA}.Debug|Any CPU.ActiveCfg = Debug|Any CPU
		{9CA09D76-00AE-4983-AC88-05D03949C8EA}.Debug|Any CPU.Build.0 = Debug|Any CPU
		{9CA09D76-00AE-4983-AC88-05D03949C8EA}.Release|Any CPU.ActiveCfg = Release|Any CPU
		{9CA09D76-00AE-4983-AC88-05D03949C8EA}.Release|Any CPU.Build.0 = Release|Any CPU
		{E8DC609A-D986-494E-8052-DD50106D0991}.Debug|Any CPU.ActiveCfg = Debug|Any CPU
		{E8DC609A-D986-494E-8052-DD50106D0991}.Debug|Any CPU.Build.0 = Debug|Any CPU
		{E8DC609A-D986-494E-8052-DD50106D0991}.Release|Any CPU.ActiveCfg = Release|Any CPU
		{E8DC609A-D986-494E-8052-DD50106D0991}.Release|Any CPU.Build.0 = Release|Any CPU
		{059AAF88-C384-4492-AC1B-398978CAC65B}.Debug|Any CPU.ActiveCfg = Debug|Any CPU
		{059AAF88-C384-4492-AC1B-398978CAC65B}.Debug|Any CPU.Build.0 = Debug|Any CPU
		{059AAF88-C384-4492-AC1B-398978CAC65B}.Release|Any CPU.ActiveCfg = Release|Any CPU
		{059AAF88-C384-4492-AC1B-398978CAC65B}.Release|Any CPU.Build.0 = Release|Any CPU
		{7BEA3CC7-F5D8-4D27-8AB9-1724B0AFDC88}.Debug|Any CPU.ActiveCfg = Debug|Any CPU
		{7BEA3CC7-F5D8-4D27-8AB9-1724B0AFDC88}.Debug|Any CPU.Build.0 = Debug|Any CPU
		{7BEA3CC7-F5D8-4D27-8AB9-1724B0AFDC88}.Release|Any CPU.ActiveCfg = Release|Any CPU
		{7BEA3CC7-F5D8-4D27-8AB9-1724B0AFDC88}.Release|Any CPU.Build.0 = Release|Any CPU
		{5C9B59F2-BCB5-47A8-9E69-F293024C665D}.Debug|Any CPU.ActiveCfg = Debug|Any CPU
		{5C9B59F2-BCB5-47A8-9E69-F293024C665D}.Debug|Any CPU.Build.0 = Debug|Any CPU
		{5C9B59F2-BCB5-47A8-9E69-F293024C665D}.Release|Any CPU.ActiveCfg = Release|Any CPU
		{5C9B59F2-BCB5-47A8-9E69-F293024C665D}.Release|Any CPU.Build.0 = Release|Any CPU
	EndGlobalSection
	GlobalSection(SolutionProperties) = preSolution
		HideSolutionNode = FALSE
	EndGlobalSection
	GlobalSection(ExtensibilityGlobals) = postSolution
		SolutionGuid = {15669A67-BA67-4F0D-B7EA-F4D0153D6589}
	EndGlobalSection
EndGlobal
